
Microsoft Visual Studio Solution File, Format Version 12.00
# Visual Studio Version 17
VisualStudioVersion = 17.13.35806.99 d17.13
MinimumVisualStudioVersion = 10.0.40219.1
Project("{FAE04EC0-301F-11D3-BF4B-00C04F79EFBC}") = "clock", "clock.csproj", "{00FBFC43-5299-478A-BCE1-AEE2AB8BECB1}"
EndProject
Global
	GlobalSection(SolutionConfigurationPlatforms) = preSolution
		Debug|Any CPU = Debug|Any CPU
		Release|Any CPU = Release|Any CPU
	EndGlobalSection
	GlobalSection(ProjectConfigurationPlatforms) = postSolution
		{00FBFC43-5299-478A-BCE1-AEE2AB8BECB1}.Debug|Any CPU.ActiveCfg = Debug|Any CPU
		{00FBFC43-5299-478A-BCE1-AEE2AB8BECB1}.Debug|Any CPU.Build.0 = Debug|Any CPU
		{00FBFC43-5299-478A-BCE1-AEE2AB8BECB1}.Release|Any CPU.ActiveCfg = Release|Any CPU
		{00FBFC43-5299-478A-BCE1-AEE2AB8BECB1}.Release|Any CPU.Build.0 = Release|Any CPU
	EndGlobalSection
	GlobalSection(SolutionProperties) = preSolution
		HideSolutionNode = FALSE
	EndGlobalSection
	GlobalSection(ExtensibilityGlobals) = postSolution
		SolutionGuid = {5DF3E733-7CDE-4932-A1F9-DF713ED5789C}
	EndGlobalSection
EndGlobal
